
Microsoft Visual Studio Solution File, Format Version 12.00
# Visual Studio Version 17
VisualStudioVersion = 17.12.35506.116 d17.12
MinimumVisualStudioVersion = 10.0.40219.1
Project("{FAE04EC0-301F-11D3-BF4B-00C04F79EFBC}") = "IChatClient - fra oppgave", "IChatClient - fra oppgave\IChatClient - fra oppgave.csproj", "{09B0BA62-D04E-484B-80F4-8F2D356C34A3}"
EndProject
Project("{FAE04EC0-301F-11D3-BF4B-00C04F79EFBC}") = "ChatClient.Server", "ChatClient.ChatServer\ChatClient.Server.csproj", "{CD11876B-9A8A-4AC5-84AD-705270341B7A}"
EndProject
Global
	GlobalSection(SolutionConfigurationPlatforms) = preSolution
		Debug|Any CPU = Debug|Any CPU
		Release|Any CPU = Release|Any CPU
	EndGlobalSection
	GlobalSection(ProjectConfigurationPlatforms) = postSolution
		{09B0BA62-D04E-484B-80F4-8F2D356C34A3}.Debug|Any CPU.ActiveCfg = Debug|Any CPU
		{09B0BA62-D04E-484B-80F4-8F2D356C34A3}.Debug|Any CPU.Build.0 = Debug|Any CPU
		{09B0BA62-D04E-484B-80F4-8F2D356C34A3}.Release|Any CPU.ActiveCfg = Release|Any CPU
		{09B0BA62-D04E-484B-80F4-8F2D356C34A3}.Release|Any CPU.Build.0 = Release|Any CPU
		{CD11876B-9A8A-4AC5-84AD-705270341B7A}.Debug|Any CPU.ActiveCfg = Debug|Any CPU
		{CD11876B-9A8A-4AC5-84AD-705270341B7A}.Debug|Any CPU.Build.0 = Debug|Any CPU
		{CD11876B-9A8A-4AC5-84AD-705270341B7A}.Release|Any CPU.ActiveCfg = Release|Any CPU
		{CD11876B-9A8A-4AC5-84AD-705270341B7A}.Release|Any CPU.Build.0 = Release|Any CPU
	EndGlobalSection
	GlobalSection(SolutionProperties) = preSolution
		HideSolutionNode = FALSE
	EndGlobalSection
EndGlobal
