
Microsoft Visual Studio Solution File, Format Version 12.00
Project("{FAE04EC0-301F-11D3-BF4B-00C04F79EFBC}") = "3 Variabler", "3 Variabler\3 Variabler.csproj", "{B8E0C415-BB24-4F7C-8A43-F21A7AFDCC86}"
EndProject
Global
	GlobalSection(SolutionConfigurationPlatforms) = preSolution
		Debug|Any CPU = Debug|Any CPU
		Release|Any CPU = Release|Any CPU
	EndGlobalSection
	GlobalSection(ProjectConfigurationPlatforms) = postSolution
		{B8E0C415-BB24-4F7C-8A43-F21A7AFDCC86}.Debug|Any CPU.ActiveCfg = Debug|Any CPU
		{B8E0C415-BB24-4F7C-8A43-F21A7AFDCC86}.Debug|Any CPU.Build.0 = Debug|Any CPU
		{B8E0C415-BB24-4F7C-8A43-F21A7AFDCC86}.Release|Any CPU.ActiveCfg = Release|Any CPU
		{B8E0C415-BB24-4F7C-8A43-F21A7AFDCC86}.Release|Any CPU.Build.0 = Release|Any CPU
	EndGlobalSection
EndGlobal
