
Microsoft Visual Studio Solution File, Format Version 12.00
Project("{FAE04EC0-301F-11D3-BF4B-00C04F79EFBC}") = "ST-Tes", "ST-Tes\ST-Tes.csproj", "{D59D388B-E582-463D-9936-FD321275C3A6}"
EndProject
Global
	GlobalSection(SolutionConfigurationPlatforms) = preSolution
		Debug|Any CPU = Debug|Any CPU
		Release|Any CPU = Release|Any CPU
	EndGlobalSection
	GlobalSection(ProjectConfigurationPlatforms) = postSolution
		{D59D388B-E582-463D-9936-FD321275C3A6}.Debug|Any CPU.ActiveCfg = Debug|Any CPU
		{D59D388B-E582-463D-9936-FD321275C3A6}.Debug|Any CPU.Build.0 = Debug|Any CPU
		{D59D388B-E582-463D-9936-FD321275C3A6}.Release|Any CPU.ActiveCfg = Release|Any CPU
		{D59D388B-E582-463D-9936-FD321275C3A6}.Release|Any CPU.Build.0 = Release|Any CPU
	EndGlobalSection
EndGlobal
